devDependencies:
  feather-icons: 4.28.0
  just-pascal-case: 1.1.0
lockfileVersion: 5.2
packages:
  /classnames/2.2.6:
    dev: true
    resolution:
      integrity: sha512-JR/iSQOSt+LQIWwrwEzJ9uk0xfN3mTVYMwt1Ir5mUcSN6pU+V4zQFFaJsclJbPuAUQH+yfWef6tm7l1quW3C8Q==
  /core-js/3.9.1:
    dev: true
    requiresBuild: true
    resolution:
      integrity: sha512-gSjRvzkxQc1zjM/5paAmL4idJBFzuJoo+jDjF1tStYFMV2ERfD02HhahhCGXUyHxQRG4yFKVSdO6g62eoRMcDg==
  /feather-icons/4.28.0:
    dependencies:
      classnames: 2.2.6
      core-js: 3.9.1
    dev: true
    resolution:
      integrity: sha512-gRdqKESXRBUZn6Nl0VBq2wPHKRJgZz7yblrrc2lYsS6odkNFDnA4bqvrlEVRUPjE1tFax+0TdbJKZ31ziJuzjg==
  /just-pascal-case/1.1.0:
    dev: true
    resolution:
      integrity: sha512-9WrLmpZ2wbt/k9ZAwp8MMc9/RqPRzUZZ+szWmAGFkas4+/z//+xYN8iUOBR2gmpiH8X5rJ+/yMvNFalMSKwmyg==
specifiers:
  feather-icons: ^4.28.0
  just-pascal-case: ^1.1.0
